
Microsoft Visual Studio Solution File, Format Version 12.00
# Visual Studio 15
VisualStudioVersion = 15.0.27428.1
MinimumVisualStudioVersion = 10.0.40219.1
Project("{8BC9CEB8-8B4A-11D0-8D11-00A0C91BC942}") = "ExchangeScore", "ExchangeScore\ExchangeScore.vcxproj", "{127DE842-7DED-40B3-8ABF-3D1FC49297FA}"
EndProject
Global
	GlobalSection(SolutionConfigurationPlatforms) = preSolution
		Debug|x64 = Debug|x64
		Debug|x86 = Debug|x86
		Release|x64 = Release|x64
		Release|x86 = Release|x86
	EndGlobalSection
	GlobalSection(ProjectConfigurationPlatforms) = postSolution
		{127DE842-7DED-40B3-8ABF-3D1FC49297FA}.Debug|x64.ActiveCfg = Debug|x64
		{127DE842-7DED-40B3-8ABF-3D1FC49297FA}.Debug|x64.Build.0 = Debug|x64
		{127DE842-7DED-40B3-8ABF-3D1FC49297FA}.Debug|x86.ActiveCfg = Debug|Win32
		{127DE842-7DED-40B3-8ABF-3D1FC49297FA}.Debug|x86.Build.0 = Debug|Win32
		{127DE842-7DED-40B3-8ABF-3D1FC49297FA}.Release|x64.ActiveCfg = Release|x64
		{127DE842-7DED-40B3-8ABF-3D1FC49297FA}.Release|x64.Build.0 = Release|x64
		{127DE842-7DED-40B3-8ABF-3D1FC49297FA}.Release|x86.ActiveCfg = Release|Win32
		{127DE842-7DED-40B3-8ABF-3D1FC49297FA}.Release|x86.Build.0 = Release|Win32
	EndGlobalSection
	GlobalSection(SolutionProperties) = preSolution
		HideSolutionNode = FALSE
	EndGlobalSection
	GlobalSection(ExtensibilityGlobals) = postSolution
		SolutionGuid = {88A6A330-063E-4CB6-9DC1-2F9331CCB1E4}
	EndGlobalSection
EndGlobal
